
Microsoft Visual Studio Solution File, Format Version 12.00
# Visual Studio Version 17
VisualStudioVersion = 17.5.33424.131
MinimumVisualStudioVersion = 10.0.40219.1
Project("{FAE04EC0-301F-11D3-BF4B-00C04F79EFBC}") = "ConsoleApp1", "ConsoleApp1.csproj", "{63E0D4C5-8E98-4629-A2F7-5462F40364FB}"
EndProject
Global
	GlobalSection(SolutionConfigurationPlatforms) = preSolution
		Debug|Any CPU = Debug|Any CPU
		Release|Any CPU = Release|Any CPU
	EndGlobalSection
	GlobalSection(ProjectConfigurationPlatforms) = postSolution
		{63E0D4C5-8E98-4629-A2F7-5462F40364FB}.Debug|Any CPU.ActiveCfg = Debug|Any CPU
		{63E0D4C5-8E98-4629-A2F7-5462F40364FB}.Debug|Any CPU.Build.0 = Debug|Any CPU
		{63E0D4C5-8E98-4629-A2F7-5462F40364FB}.Release|Any CPU.ActiveCfg = Release|Any CPU
		{63E0D4C5-8E98-4629-A2F7-5462F40364FB}.Release|Any CPU.Build.0 = Release|Any CPU
	EndGlobalSection
	GlobalSection(SolutionProperties) = preSolution
		HideSolutionNode = FALSE
	EndGlobalSection
	GlobalSection(ExtensibilityGlobals) = postSolution
		SolutionGuid = {EF1C2FCC-5D14-48B2-8E63-E3DB46ED1498}
	EndGlobalSection
EndGlobal
