
Microsoft Visual Studio Solution File, Format Version 12.00
# Visual Studio Version 17
VisualStudioVersion = 17.5.33424.131
MinimumVisualStudioVersion = 10.0.40219.1
Project("{FAE04EC0-301F-11D3-BF4B-00C04F79EFBC}") = "Store", "Store.csproj", "{E9DEF3AB-3799-4086-8473-92E730217D46}"
EndProject
Project("{2150E333-8FDC-42A3-9474-1A3956D46DE8}") = "솔루션 항목", "솔루션 항목", "{204FDCFF-FA3A-4887-B18F-0466AC27FCF1}"
EndProject
Global
	GlobalSection(SolutionConfigurationPlatforms) = preSolution
		Debug|Any CPU = Debug|Any CPU
		Release|Any CPU = Release|Any CPU
	EndGlobalSection
	GlobalSection(ProjectConfigurationPlatforms) = postSolution
		{E9DEF3AB-3799-4086-8473-92E730217D46}.Debug|Any CPU.ActiveCfg = Debug|Any CPU
		{E9DEF3AB-3799-4086-8473-92E730217D46}.Debug|Any CPU.Build.0 = Debug|Any CPU
		{E9DEF3AB-3799-4086-8473-92E730217D46}.Release|Any CPU.ActiveCfg = Release|Any CPU
		{E9DEF3AB-3799-4086-8473-92E730217D46}.Release|Any CPU.Build.0 = Release|Any CPU
	EndGlobalSection
	GlobalSection(SolutionProperties) = preSolution
		HideSolutionNode = FALSE
	EndGlobalSection
	GlobalSection(ExtensibilityGlobals) = postSolution
		SolutionGuid = {3C39BA2D-C65F-4F1D-9146-82C336520288}
	EndGlobalSection
EndGlobal
